// !$*UTF8*$!
{
	archiveVersion = 1;
	classes = {
	};
	objectVersion = 50;
	objects = {

/* Begin PBXBuildFile section */
		F569532A21E181A400BD49D7 /* AppDelegate.swift in Sources */ = {isa = PBXBuildFile; fileRef = F569532921E181A400BD49D7 /* AppDelegate.swift */; };
		F569532C21E181A400BD49D7 /* MainVC.swift in Sources */ = {isa = PBXBuildFile; fileRef = F569532B21E181A400BD49D7 /* MainVC.swift */; };
		F569533121E181A700BD49D7 /* Assets.xcassets in Resources */ = {isa = PBXBuildFile; fileRef = F569533021E181A700BD49D7 /* Assets.xcassets */; };
		F569533421E181A700BD49D7 /* LaunchScreen.storyboard in Resources */ = {isa = PBXBuildFile; fileRef = F569533221E181A700BD49D7 /* LaunchScreen.storyboard */; };
		F569533C21E183C500BD49D7 /* Billabong.ttf in Resources */ = {isa = PBXBuildFile; fileRef = F569533B21E183C500BD49D7 /* Billabong.ttf */; };
		F569533E21E1840A00BD49D7 /* ClearTopBar.swift in Sources */ = {isa = PBXBuildFile; fileRef = F569533D21E1840A00BD49D7 /* ClearTopBar.swift */; };
		F569534021E1847200BD49D7 /* RoundTextField.swift in Sources */ = {isa = PBXBuildFile; fileRef = F569533F21E1847200BD49D7 /* RoundTextField.swift */; };
		F569534221E1875300BD49D7 /* Device.swift in Sources */ = {isa = PBXBuildFile; fileRef = F569534121E1875300BD49D7 /* Device.swift */; };
		F569534421E1876E00BD49D7 /* Helper.swift in Sources */ = {isa = PBXBuildFile; fileRef = F569534321E1876D00BD49D7 /* Helper.swift */; };
		F569534821E187BC00BD49D7 /* UIProperties.swift in Sources */ = {isa = PBXBuildFile; fileRef = F569534721E187BC00BD49D7 /* UIProperties.swift */; };
		F569534A21E187F800BD49D7 /* Fonts.swift in Sources */ = {isa = PBXBuildFile; fileRef = F569534921E187F800BD49D7 /* Fonts.swift */; };
		F569534D21E18EE900BD49D7 /* SearchUsersVC.swift in Sources */ = {isa = PBXBuildFile; fileRef = F569534C21E18EE900BD49D7 /* SearchUsersVC.swift */; };
		F569534F21E18F3E00BD49D7 /* AlertView.swift in Sources */ = {isa = PBXBuildFile; fileRef = F569534E21E18F3E00BD49D7 /* AlertView.swift */; };
		F569535121E18F4A00BD49D7 /* Colors.swift in Sources */ = {isa = PBXBuildFile; fileRef = F569535021E18F4A00BD49D7 /* Colors.swift */; };
		F569535321E18F5700BD49D7 /* UserCell.swift in Sources */ = {isa = PBXBuildFile; fileRef = F569535221E18F5700BD49D7 /* UserCell.swift */; };
		F569535521E18FCF00BD49D7 /* SearchBar.swift in Sources */ = {isa = PBXBuildFile; fileRef = F569535421E18FCF00BD49D7 /* SearchBar.swift */; };
		F569535721E1905200BD49D7 /* Circe-Bold.ttf in Resources */ = {isa = PBXBuildFile; fileRef = F569535621E1905200BD49D7 /* Circe-Bold.ttf */; };
		F569535A21E190CB00BD49D7 /* User.swift in Sources */ = {isa = PBXBuildFile; fileRef = F569535921E190CB00BD49D7 /* User.swift */; };
		F569535F21E1921900BD49D7 /* UserService.swift in Sources */ = {isa = PBXBuildFile; fileRef = F569535E21E1921900BD49D7 /* UserService.swift */; };
		F569536221E284EF00BD49D7 /* StoryService.swift in Sources */ = {isa = PBXBuildFile; fileRef = F569536121E284EF00BD49D7 /* StoryService.swift */; };
		F569536421E2850B00BD49D7 /* Story.swift in Sources */ = {isa = PBXBuildFile; fileRef = F569536321E2850B00BD49D7 /* Story.swift */; };
		F569536721E2A5C900BD49D7 /* NavigationTransitionManager.swift in Sources */ = {isa = PBXBuildFile; fileRef = F569536621E2A5C900BD49D7 /* NavigationTransitionManager.swift */; };
		F569536921E2A5D100BD49D7 /* NavigationAnimator.swift in Sources */ = {isa = PBXBuildFile; fileRef = F569536821E2A5D100BD49D7 /* NavigationAnimator.swift */; };
		F569536B21E2A5D600BD49D7 /* NavigationInteractor.swift in Sources */ = {isa = PBXBuildFile; fileRef = F569536A21E2A5D600BD49D7 /* NavigationInteractor.swift */; };
		F569536D21E2A69600BD49D7 /* SettingsVC.swift in Sources */ = {isa = PBXBuildFile; fileRef = F569536C21E2A69600BD49D7 /* SettingsVC.swift */; };
		F569537321E2A99800BD49D7 /* MailControllerPresenter.swift in Sources */ = {isa = PBXBuildFile; fileRef = F569537221E2A99800BD49D7 /* MailControllerPresenter.swift */; };
		F569537521E2A9A400BD49D7 /* RateAppService.swift in Sources */ = {isa = PBXBuildFile; fileRef = F569537421E2A9A400BD49D7 /* RateAppService.swift */; };
		F569537721E2AB2800BD49D7 /* AppInfo.swift in Sources */ = {isa = PBXBuildFile; fileRef = F569537621E2AB2800BD49D7 /* AppInfo.swift */; };
		F569537921E2AB4000BD49D7 /* UserDefaultsKeys.swift in Sources */ = {isa = PBXBuildFile; fileRef = F569537821E2AB4000BD49D7 /* UserDefaultsKeys.swift */; };
		F569537B21E2BCFB00BD49D7 /* StoriesVC.swift in Sources */ = {isa = PBXBuildFile; fileRef = F569537A21E2BCFB00BD49D7 /* StoriesVC.swift */; };
		F569537D21E2C40D00BD49D7 /* StoryCell.swift in Sources */ = {isa = PBXBuildFile; fileRef = F569537C21E2C40D00BD49D7 /* StoryCell.swift */; };
		F569537F21E2C46C00BD49D7 /* SettingCell.swift in Sources */ = {isa = PBXBuildFile; fileRef = F569537E21E2C46C00BD49D7 /* SettingCell.swift */; };
		F569538121E3B36700BD49D7 /* ProfileHeader.swift in Sources */ = {isa = PBXBuildFile; fileRef = F569538021E3B36700BD49D7 /* ProfileHeader.swift */; };
		F569538321E3DBA100BD49D7 /* StoryVC.swift in Sources */ = {isa = PBXBuildFile; fileRef = F569538221E3DBA100BD49D7 /* StoryVC.swift */; };
		F569538521E3DCEE00BD49D7 /* RoundButton.swift in Sources */ = {isa = PBXBuildFile; fileRef = F569538421E3DCEE00BD49D7 /* RoundButton.swift */; };
		F569538821E3E21200BD49D7 /* StoryTransitionAnimator.swift in Sources */ = {isa = PBXBuildFile; fileRef = F569538721E3E21200BD49D7 /* StoryTransitionAnimator.swift */; };
		F569538A21E3E21900BD49D7 /* StoryTransitionManager.swift in Sources */ = {isa = PBXBuildFile; fileRef = F569538921E3E21900BD49D7 /* StoryTransitionManager.swift */; };
		F5A570B12229C28C00F73055 /* ImageView.swift in Sources */ = {isa = PBXBuildFile; fileRef = F5A570B02229C28C00F73055 /* ImageView.swift */; };
/* End PBXBuildFile section */

/* Begin PBXFileReference section */
		F569532621E181A400BD49D7 /* Instories.app */ = {isa = PBXFileReference; explicitFileType = wrapper.application; includeInIndex = 0; path = Instories.app; sourceTree = BUILT_PRODUCTS_DIR; };
		F569532921E181A400BD49D7 /* AppDelegate.swift */ = {isa = PBXFileReference; lastKnownFileType = sourcecode.swift; path = AppDelegate.swift; sourceTree = "<group>"; };
		F569532B21E181A400BD49D7 /* MainVC.swift */ = {isa = PBXFileReference; lastKnownFileType = sourcecode.swift; path = MainVC.swift; sourceTree = "<group>"; };
		F569533021E181A700BD49D7 /* Assets.xcassets */ = {isa = PBXFileReference; lastKnownFileType = folder.assetcatalog; path = Assets.xcassets; sourceTree = "<group>"; };
		F569533321E181A700BD49D7 /* Base */ = {isa = PBXFileReference; lastKnownFileType = file.storyboard; name = Base; path = Base.lproj/LaunchScreen.storyboard; sourceTree = "<group>"; };
		F569533521E181A700BD49D7 /* Info.plist */ = {isa = PBXFileReference; lastKnownFileType = text.plist.xml; path = Info.plist; sourceTree = "<group>"; };
		F569533B21E183C500BD49D7 /* Billabong.ttf */ = {isa = PBXFileReference; lastKnownFileType = file; path = Billabong.ttf; sourceTree = "<group>"; };
		F569533D21E1840A00BD49D7 /* ClearTopBar.swift */ = {isa = PBXFileReference; fileEncoding = 4; lastKnownFileType = sourcecode.swift; path = ClearTopBar.swift; sourceTree = "<group>"; };
		F569533F21E1847200BD49D7 /* RoundTextField.swift */ = {isa = PBXFileReference; fileEncoding = 4; lastKnownFileType = sourcecode.swift; path = RoundTextField.swift; sourceTree = "<group>"; };
		F569534121E1875300BD49D7 /* Device.swift */ = {isa = PBXFileReference; fileEncoding = 4; lastKnownFileType = sourcecode.swift; path = Device.swift; sourceTree = "<group>"; };
		F569534321E1876D00BD49D7 /* Helper.swift */ = {isa = PBXFileReference; fileEncoding = 4; lastKnownFileType = sourcecode.swift; path = Helper.swift; sourceTree = "<group>"; };
		F569534721E187BC00BD49D7 /* UIProperties.swift */ = {isa = PBXFileReference; fileEncoding = 4; lastKnownFileType = sourcecode.swift; path = UIProperties.swift; sourceTree = "<group>"; };
		F569534921E187F800BD49D7 /* Fonts.swift */ = {isa = PBXFileReference; fileEncoding = 4; lastKnownFileType = sourcecode.swift; path = Fonts.swift; sourceTree = "<group>"; };
		F569534C21E18EE900BD49D7 /* SearchUsersVC.swift */ = {isa = PBXFileReference; fileEncoding = 4; lastKnownFileType = sourcecode.swift; path = SearchUsersVC.swift; sourceTree = "<group>"; };
		F569534E21E18F3E00BD49D7 /* AlertView.swift */ = {isa = PBXFileReference; fileEncoding = 4; lastKnownFileType = sourcecode.swift; path = AlertView.swift; sourceTree = "<group>"; };
		F569535021E18F4A00BD49D7 /* Colors.swift */ = {isa = PBXFileReference; fileEncoding = 4; lastKnownFileType = sourcecode.swift; path = Colors.swift; sourceTree = "<group>"; };
		F569535221E18F5700BD49D7 /* UserCell.swift */ = {isa = PBXFileReference; fileEncoding = 4; lastKnownFileType = sourcecode.swift; path = UserCell.swift; sourceTree = "<group>"; };
		F569535421E18FCF00BD49D7 /* SearchBar.swift */ = {isa = PBXFileReference; fileEncoding = 4; lastKnownFileType = sourcecode.swift; path = SearchBar.swift; sourceTree = "<group>"; };
		F569535621E1905200BD49D7 /* Circe-Bold.ttf */ = {isa = PBXFileReference; lastKnownFileType = file; path = "Circe-Bold.ttf"; sourceTree = "<group>"; };
		F569535921E190CB00BD49D7 /* User.swift */ = {isa = PBXFileReference; lastKnownFileType = sourcecode.swift; path = User.swift; sourceTree = "<group>"; };
		F569535E21E1921900BD49D7 /* UserService.swift */ = {isa = PBXFileReference; lastKnownFileType = sourcecode.swift; path = UserService.swift; sourceTree = "<group>"; };
		F569536121E284EF00BD49D7 /* StoryService.swift */ = {isa = PBXFileReference; lastKnownFileType = sourcecode.swift; path = StoryService.swift; sourceTree = "<group>"; };
		F569536321E2850B00BD49D7 /* Story.swift */ = {isa = PBXFileReference; lastKnownFileType = sourcecode.swift; path = Story.swift; sourceTree = "<group>"; };
		F569536621E2A5C900BD49D7 /* NavigationTransitionManager.swift */ = {isa = PBXFileReference; fileEncoding = 4; lastKnownFileType = sourcecode.swift; path = NavigationTransitionManager.swift; sourceTree = "<group>"; };
		F569536821E2A5D100BD49D7 /* NavigationAnimator.swift */ = {isa = PBXFileReference; fileEncoding = 4; lastKnownFileType = sourcecode.swift; path = NavigationAnimator.swift; sourceTree = "<group>"; };
		F569536A21E2A5D600BD49D7 /* NavigationInteractor.swift */ = {isa = PBXFileReference; fileEncoding = 4; lastKnownFileType = sourcecode.swift; path = NavigationInteractor.swift; sourceTree = "<group>"; };
		F569536C21E2A69600BD49D7 /* SettingsVC.swift */ = {isa = PBXFileReference; fileEncoding = 4; lastKnownFileType = sourcecode.swift; path = SettingsVC.swift; sourceTree = "<group>"; };
		F569537221E2A99800BD49D7 /* MailControllerPresenter.swift */ = {isa = PBXFileReference; fileEncoding = 4; lastKnownFileType = sourcecode.swift; path = MailControllerPresenter.swift; sourceTree = "<group>"; };
		F569537421E2A9A400BD49D7 /* RateAppService.swift */ = {isa = PBXFileReference; fileEncoding = 4; lastKnownFileType = sourcecode.swift; path = RateAppService.swift; sourceTree = "<group>"; };
		F569537621E2AB2800BD49D7 /* AppInfo.swift */ = {isa = PBXFileReference; fileEncoding = 4; lastKnownFileType = sourcecode.swift; path = AppInfo.swift; sourceTree = "<group>"; };
		F569537821E2AB4000BD49D7 /* UserDefaultsKeys.swift */ = {isa = PBXFileReference; fileEncoding = 4; lastKnownFileType = sourcecode.swift; path = UserDefaultsKeys.swift; sourceTree = "<group>"; };
		F569537A21E2BCFB00BD49D7 /* StoriesVC.swift */ = {isa = PBXFileReference; lastKnownFileType = sourcecode.swift; path = StoriesVC.swift; sourceTree = "<group>"; };
		F569537C21E2C40D00BD49D7 /* StoryCell.swift */ = {isa = PBXFileReference; lastKnownFileType = sourcecode.swift; path = StoryCell.swift; sourceTree = "<group>"; };
		F569537E21E2C46C00BD49D7 /* SettingCell.swift */ = {isa = PBXFileReference; lastKnownFileType = sourcecode.swift; path = SettingCell.swift; sourceTree = "<group>"; };
		F569538021E3B36700BD49D7 /* ProfileHeader.swift */ = {isa = PBXFileReference; lastKnownFileType = sourcecode.swift; path = ProfileHeader.swift; sourceTree = "<group>"; };
		F569538221E3DBA100BD49D7 /* StoryVC.swift */ = {isa = PBXFileReference; lastKnownFileType = sourcecode.swift; path = StoryVC.swift; sourceTree = "<group>"; };
		F569538421E3DCEE00BD49D7 /* RoundButton.swift */ = {isa = PBXFileReference; fileEncoding = 4; lastKnownFileType = sourcecode.swift; path = RoundButton.swift; sourceTree = "<group>"; };
		F569538721E3E21200BD49D7 /* StoryTransitionAnimator.swift */ = {isa = PBXFileReference; fileEncoding = 4; lastKnownFileType = sourcecode.swift; path = StoryTransitionAnimator.swift; sourceTree = "<group>"; };
		F569538921E3E21900BD49D7 /* StoryTransitionManager.swift */ = {isa = PBXFileReference; fileEncoding = 4; lastKnownFileType = sourcecode.swift; path = StoryTransitionManager.swift; sourceTree = "<group>"; };
		F5A570B02229C28C00F73055 /* ImageView.swift */ = {isa = PBXFileReference; fileEncoding = 4; lastKnownFileType = sourcecode.swift; path = ImageView.swift; sourceTree = "<group>"; };
/* End PBXFileReference section */

/* Begin PBXFrameworksBuildPhase section */
		F569532321E181A400BD49D7 /* Frameworks */ = {
			isa = PBXFrameworksBuildPhase;
			buildActionMask = 2147483647;
			files = (
			);
			runOnlyForDeploymentPostprocessing = 0;
		};
/* End PBXFrameworksBuildPhase section */

/* Begin PBXGroup section */
		F569531D21E181A400BD49D7 = {
			isa = PBXGroup;
			children = (
				F569532821E181A400BD49D7 /* Instories */,
				F569532721E181A400BD49D7 /* Products */,
			);
			sourceTree = "<group>";
		};
		F569532721E181A400BD49D7 /* Products */ = {
			isa = PBXGroup;
			children = (
				F569532621E181A400BD49D7 /* Instories.app */,
			);
			name = Products;
			sourceTree = "<group>";
		};
		F569532821E181A400BD49D7 /* Instories */ = {
			isa = PBXGroup;
			children = (
				F569532921E181A400BD49D7 /* AppDelegate.swift */,
				F569535821E190BE00BD49D7 /* Models */,
				F569535C21E190F900BD49D7 /* Views */,
				F569535B21E190D900BD49D7 /* Controllers */,
				F569538B21E3FF0300BD49D7 /* TransitionManagers */,
				F569533021E181A700BD49D7 /* Assets.xcassets */,
				F569533221E181A700BD49D7 /* LaunchScreen.storyboard */,
				F569533521E181A700BD49D7 /* Info.plist */,
				F569536021E26F1500BD49D7 /* Fonts */,
				F569534B21E1884800BD49D7 /* Helpers */,
			);
			path = Instories;
			sourceTree = "<group>";
		};
		F569534B21E1884800BD49D7 /* Helpers */ = {
			isa = PBXGroup;
			children = (
				F569537621E2AB2800BD49D7 /* AppInfo.swift */,
				F569535021E18F4A00BD49D7 /* Colors.swift */,
				F569534921E187F800BD49D7 /* Fonts.swift */,
				F569534121E1875300BD49D7 /* Device.swift */,
				F569534321E1876D00BD49D7 /* Helper.swift */,
				F5A570B02229C28C00F73055 /* ImageView.swift */,
				F569534721E187BC00BD49D7 /* UIProperties.swift */,
				F569537821E2AB4000BD49D7 /* UserDefaultsKeys.swift */,
			);
			path = Helpers;
			sourceTree = "<group>";
		};
		F569535821E190BE00BD49D7 /* Models */ = {
			isa = PBXGroup;
			children = (
				F569535921E190CB00BD49D7 /* User.swift */,
				F569536321E2850B00BD49D7 /* Story.swift */,
				F569535E21E1921900BD49D7 /* UserService.swift */,
				F569536121E284EF00BD49D7 /* StoryService.swift */,
				F569537421E2A9A400BD49D7 /* RateAppService.swift */,
				F569537221E2A99800BD49D7 /* MailControllerPresenter.swift */,
			);
			path = Models;
			sourceTree = "<group>";
		};
		F569535B21E190D900BD49D7 /* Controllers */ = {
			isa = PBXGroup;
			children = (
				F569532B21E181A400BD49D7 /* MainVC.swift */,
				F569534C21E18EE900BD49D7 /* SearchUsersVC.swift */,
				F569536C21E2A69600BD49D7 /* SettingsVC.swift */,
				F569537A21E2BCFB00BD49D7 /* StoriesVC.swift */,
				F569538221E3DBA100BD49D7 /* StoryVC.swift */,
			);
			path = Controllers;
			sourceTree = "<group>";
		};
		F569535C21E190F900BD49D7 /* Views */ = {
			isa = PBXGroup;
			children = (
				F569535D21E1911A00BD49D7 /* Cells */,
				F569533D21E1840A00BD49D7 /* ClearTopBar.swift */,
				F569533F21E1847200BD49D7 /* RoundTextField.swift */,
				F569535421E18FCF00BD49D7 /* SearchBar.swift */,
				F569538421E3DCEE00BD49D7 /* RoundButton.swift */,
				F569534E21E18F3E00BD49D7 /* AlertView.swift */,
			);
			path = Views;
			sourceTree = "<group>";
		};
		F569535D21E1911A00BD49D7 /* Cells */ = {
			isa = PBXGroup;
			children = (
				F569535221E18F5700BD49D7 /* UserCell.swift */,
				F569537C21E2C40D00BD49D7 /* StoryCell.swift */,
				F569537E21E2C46C00BD49D7 /* SettingCell.swift */,
				F569538021E3B36700BD49D7 /* ProfileHeader.swift */,
			);
			path = Cells;
			sourceTree = "<group>";
		};
		F569536021E26F1500BD49D7 /* Fonts */ = {
			isa = PBXGroup;
			children = (
				F569535621E1905200BD49D7 /* Circe-Bold.ttf */,
				F569533B21E183C500BD49D7 /* Billabong.ttf */,
			);
			path = Fonts;
			sourceTree = "<group>";
		};
		F569536521E2A5BB00BD49D7 /* NavigationTransitionManager */ = {
			isa = PBXGroup;
			children = (
				F569536621E2A5C900BD49D7 /* NavigationTransitionManager.swift */,
				F569536821E2A5D100BD49D7 /* NavigationAnimator.swift */,
				F569536A21E2A5D600BD49D7 /* NavigationInteractor.swift */,
			);
			path = NavigationTransitionManager;
			sourceTree = "<group>";
		};
		F569538621E3E1ED00BD49D7 /* StoryTransitionManager */ = {
			isa = PBXGroup;
			children = (
				F569538921E3E21900BD49D7 /* StoryTransitionManager.swift */,
				F569538721E3E21200BD49D7 /* StoryTransitionAnimator.swift */,
			);
			path = StoryTransitionManager;
			sourceTree = "<group>";
		};
		F569538B21E3FF0300BD49D7 /* TransitionManagers */ = {
			isa = PBXGroup;
			children = (
				F569536521E2A5BB00BD49D7 /* NavigationTransitionManager */,
				F569538621E3E1ED00BD49D7 /* StoryTransitionManager */,
			);
			path = TransitionManagers;
			sourceTree = "<group>";
		};
/* End PBXGroup section */

/* Begin PBXNativeTarget section */
		F569532521E181A400BD49D7 /* Instories */ = {
			isa = PBXNativeTarget;
			buildConfigurationList = F569533821E181A700BD49D7 /* Build configuration list for PBXNativeTarget "Instories" */;
			buildPhases = (
				F569532221E181A400BD49D7 /* Sources */,
				F569532321E181A400BD49D7 /* Frameworks */,
				F569532421E181A400BD49D7 /* Resources */,
			);
			buildRules = (
			);
			dependencies = (
			);
			name = Instories;
			productName = Instories;
			productReference = F569532621E181A400BD49D7 /* Instories.app */;
			productType = "com.apple.product-type.application";
		};
/* End PBXNativeTarget section */

/* Begin PBXProject section */
		F569531E21E181A400BD49D7 /* Project object */ = {
			isa = PBXProject;
			attributes = {
				LastSwiftUpdateCheck = 1010;
				LastUpgradeCheck = 1010;
				ORGANIZATIONNAME = "Vladyslav Yakovlev";
				TargetAttributes = {
					F569532521E181A400BD49D7 = {
						CreatedOnToolsVersion = 10.1;
					};
				};
			};
			buildConfigurationList = F569532121E181A400BD49D7 /* Build configuration list for PBXProject "Instories" */;
			compatibilityVersion = "Xcode 9.3";
			developmentRegion = en;
			hasScannedForEncodings = 0;
			knownRegions = (
				en,
				Base,
			);
			mainGroup = F569531D21E181A400BD49D7;
			productRefGroup = F569532721E181A400BD49D7 /* Products */;
			projectDirPath = "";
			projectRoot = "";
			targets = (
				F569532521E181A400BD49D7 /* Instories */,
			);
		};
/* End PBXProject section */

/* Begin PBXResourcesBuildPhase section */
		F569532421E181A400BD49D7 /* Resources */ = {
			isa = PBXResourcesBuildPhase;
			buildActionMask = 2147483647;
			files = (
				F569533C21E183C500BD49D7 /* Billabong.ttf in Resources */,
				F569533421E181A700BD49D7 /* LaunchScreen.storyboard in Resources */,
				F569535721E1905200BD49D7 /* Circe-Bold.ttf in Resources */,
				F569533121E181A700BD49D7 /* Assets.xcassets in Resources */,
			);
			runOnlyForDeploymentPostprocessing = 0;
		};
/* End PBXResourcesBuildPhase section */

/* Begin PBXSourcesBuildPhase section */
		F569532221E181A400BD49D7 /* Sources */ = {
			isa = PBXSourcesBuildPhase;
			buildActionMask = 2147483647;
			files = (
				F569534821E187BC00BD49D7 /* UIProperties.swift in Sources */,
				F569538321E3DBA100BD49D7 /* StoryVC.swift in Sources */,
				F569535321E18F5700BD49D7 /* UserCell.swift in Sources */,
				F569537D21E2C40D00BD49D7 /* StoryCell.swift in Sources */,
				F569535121E18F4A00BD49D7 /* Colors.swift in Sources */,
				F569537921E2AB4000BD49D7 /* UserDefaultsKeys.swift in Sources */,
				F569534021E1847200BD49D7 /* RoundTextField.swift in Sources */,
				F569537521E2A9A400BD49D7 /* RateAppService.swift in Sources */,
				F569533E21E1840A00BD49D7 /* ClearTopBar.swift in Sources */,
				F569538121E3B36700BD49D7 /* ProfileHeader.swift in Sources */,
				F569537B21E2BCFB00BD49D7 /* StoriesVC.swift in Sources */,
				F569534F21E18F3E00BD49D7 /* AlertView.swift in Sources */,
				F569536921E2A5D100BD49D7 /* NavigationAnimator.swift in Sources */,
				F569532C21E181A400BD49D7 /* MainVC.swift in Sources */,
				F569536221E284EF00BD49D7 /* StoryService.swift in Sources */,
				F569537721E2AB2800BD49D7 /* AppInfo.swift in Sources */,
				F569538A21E3E21900BD49D7 /* StoryTransitionManager.swift in Sources */,
				F569538521E3DCEE00BD49D7 /* RoundButton.swift in Sources */,
				F569537F21E2C46C00BD49D7 /* SettingCell.swift in Sources */,
				F569535521E18FCF00BD49D7 /* SearchBar.swift in Sources */,
				F5A570B12229C28C00F73055 /* ImageView.swift in Sources */,
				F569536B21E2A5D600BD49D7 /* NavigationInteractor.swift in Sources */,
				F569536D21E2A69600BD49D7 /* SettingsVC.swift in Sources */,
				F569535A21E190CB00BD49D7 /* User.swift in Sources */,
				F569532A21E181A400BD49D7 /* AppDelegate.swift in Sources */,
				F569534D21E18EE900BD49D7 /* SearchUsersVC.swift in Sources */,
				F569534221E1875300BD49D7 /* Device.swift in Sources */,
				F569535F21E1921900BD49D7 /* UserService.swift in Sources */,
				F569534A21E187F800BD49D7 /* Fonts.swift in Sources */,
				F569536721E2A5C900BD49D7 /* NavigationTransitionManager.swift in Sources */,
				F569534421E1876E00BD49D7 /* Helper.swift in Sources */,
				F569536421E2850B00BD49D7 /* Story.swift in Sources */,
				F569538821E3E21200BD49D7 /* StoryTransitionAnimator.swift in Sources */,
				F569537321E2A99800BD49D7 /* MailControllerPresenter.swift in Sources */,
			);
			runOnlyForDeploymentPostprocessing = 0;
		};
/* End PBXSourcesBuildPhase section */

/* Begin PBXVariantGroup section */
		F569533221E181A700BD49D7 /* LaunchScreen.storyboard */ = {
			isa = PBXVariantGroup;
			children = (
				F569533321E181A700BD49D7 /* Base */,
			);
			name = LaunchScreen.storyboard;
			sourceTree = "<group>";
		};
/* End PBXVariantGroup section */

/* Begin XCBuildConfiguration section */
		F569533621E181A700BD49D7 /* Debug */ = {
			isa = XCBuildConfiguration;
			buildSettings = {
				ALWAYS_SEARCH_USER_PATHS = NO;
				CLANG_ANALYZER_NONNULL = YES;
				CLANG_ANALYZER_NUMBER_OBJECT_CONVERSION = YES_AGGRESSIVE;
				CLANG_CXX_LANGUAGE_STANDARD = "gnu++14";
				CLANG_CXX_LIBRARY = "libc++";
				CLANG_ENABLE_MODULES = YES;
				CLANG_ENABLE_OBJC_ARC = YES;
				CLANG_ENABLE_OBJC_WEAK = YES;
				CLANG_WARN_BLOCK_CAPTURE_AUTORELEASING = YES;
				CLANG_WARN_BOOL_CONVERSION = YES;
				CLANG_WARN_COMMA = YES;
				CLANG_WARN_CONSTANT_CONVERSION = YES;
				CLANG_WARN_DEPRECATED_OBJC_IMPLEMENTATIONS = YES;
				CLANG_WARN_DIRECT_OBJC_ISA_USAGE = YES_ERROR;
				CLANG_WARN_DOCUMENTATION_COMMENTS = YES;
				CLANG_WARN_EMPTY_BODY = YES;
				CLANG_WARN_ENUM_CONVERSION = YES;
				CLANG_WARN_INFINITE_RECURSION = YES;
				CLANG_WARN_INT_CONVERSION = YES;
				CLANG_WARN_NON_LITERAL_NULL_CONVERSION = YES;
				CLANG_WARN_OBJC_IMPLICIT_RETAIN_SELF = YES;
				CLANG_WARN_OBJC_LITERAL_CONVERSION = YES;
				CLANG_WARN_OBJC_ROOT_CLASS = YES_ERROR;
				CLANG_WARN_RANGE_LOOP_ANALYSIS = YES;
				CLANG_WARN_STRICT_PROTOTYPES = YES;
				CLANG_WARN_SUSPICIOUS_MOVE = YES;
				CLANG_WARN_UNGUARDED_AVAILABILITY = YES_AGGRESSIVE;
				CLANG_WARN_UNREACHABLE_CODE = YES;
				CLANG_WARN__DUPLICATE_METHOD_MATCH = YES;
				CODE_SIGN_IDENTITY = "iPhone Developer";
				COPY_PHASE_STRIP = NO;
				DEBUG_INFORMATION_FORMAT = dwarf;
				ENABLE_STRICT_OBJC_MSGSEND = YES;
				ENABLE_TESTABILITY = YES;
				GCC_C_LANGUAGE_STANDARD = gnu11;
				GCC_DYNAMIC_NO_PIC = NO;
				GCC_NO_COMMON_BLOCKS = YES;
				GCC_OPTIMIZATION_LEVEL = 0;
				GCC_PREPROCESSOR_DEFINITIONS = (
					"DEBUG=1",
					"$(inherited)",
				);
				GCC_WARN_64_TO_32_BIT_CONVERSION = YES;
				GCC_WARN_ABOUT_RETURN_TYPE = YES_ERROR;
				GCC_WARN_UNDECLARED_SELECTOR = YES;
				GCC_WARN_UNINITIALIZED_AUTOS = YES_AGGRESSIVE;
				GCC_WARN_UNUSED_FUNCTION = YES;
				GCC_WARN_UNUSED_VARIABLE = YES;
				IPHONEOS_DEPLOYMENT_TARGET = 12.1;
				MTL_ENABLE_DEBUG_INFO = INCLUDE_SOURCE;
				MTL_FAST_MATH = YES;
				ONLY_ACTIVE_ARCH = YES;
				SDKROOT = iphoneos;
				SWIFT_ACTIVE_COMPILATION_CONDITIONS = DEBUG;
				SWIFT_OPTIMIZATION_LEVEL = "-Onone";
			};
			name = Debug;
		};
		F569533721E181A700BD49D7 /* Release */ = {
			isa = XCBuildConfiguration;
			buildSettings = {
				ALWAYS_SEARCH_USER_PATHS = NO;
				CLANG_ANALYZER_NONNULL = YES;
				CLANG_ANALYZER_NUMBER_OBJECT_CONVERSION = YES_AGGRESSIVE;
				CLANG_CXX_LANGUAGE_STANDARD = "gnu++14";
				CLANG_CXX_LIBRARY = "libc++";
				CLANG_ENABLE_MODULES = YES;
				CLANG_ENABLE_OBJC_ARC = YES;
				CLANG_ENABLE_OBJC_WEAK = YES;
				CLANG_WARN_BLOCK_CAPTURE_AUTORELEASING = YES;
				CLANG_WARN_BOOL_CONVERSION = YES;
				CLANG_WARN_COMMA = YES;
				CLANG_WARN_CONSTANT_CONVERSION = YES;
				CLANG_WARN_DEPRECATED_OBJC_IMPLEMENTATIONS = YES;
				CLANG_WARN_DIRECT_OBJC_ISA_USAGE = YES_ERROR;
				CLANG_WARN_DOCUMENTATION_COMMENTS = YES;
				CLANG_WARN_EMPTY_BODY = YES;
				CLANG_WARN_ENUM_CONVERSION = YES;
				CLANG_WARN_INFINITE_RECURSION = YES;
				CLANG_WARN_INT_CONVERSION = YES;
				CLANG_WARN_NON_LITERAL_NULL_CONVERSION = YES;
				CLANG_WARN_OBJC_IMPLICIT_RETAIN_SELF = YES;
				CLANG_WARN_OBJC_LITERAL_CONVERSION = YES;
				CLANG_WARN_OBJC_ROOT_CLASS = YES_ERROR;
				CLANG_WARN_RANGE_LOOP_ANALYSIS = YES;
				CLANG_WARN_STRICT_PROTOTYPES = YES;
				CLANG_WARN_SUSPICIOUS_MOVE = YES;
				CLANG_WARN_UNGUARDED_AVAILABILITY = YES_AGGRESSIVE;
				CLANG_WARN_UNREACHABLE_CODE = YES;
				CLANG_WARN__DUPLICATE_METHOD_MATCH = YES;
				CODE_SIGN_IDENTITY = "iPhone Developer";
				COPY_PHASE_STRIP = NO;
				DEBUG_INFORMATION_FORMAT = "dwarf-with-dsym";
				ENABLE_NS_ASSERTIONS = NO;
				ENABLE_STRICT_OBJC_MSGSEND = YES;
				GCC_C_LANGUAGE_STANDARD = gnu11;
				GCC_NO_COMMON_BLOCKS = YES;
				GCC_WARN_64_TO_32_BIT_CONVERSION = YES;
				GCC_WARN_ABOUT_RETURN_TYPE = YES_ERROR;
				GCC_WARN_UNDECLARED_SELECTOR = YES;
				GCC_WARN_UNINITIALIZED_AUTOS = YES_AGGRESSIVE;
				GCC_WARN_UNUSED_FUNCTION = YES;
				GCC_WARN_UNUSED_VARIABLE = YES;
				IPHONEOS_DEPLOYMENT_TARGET = 12.1;
				MTL_ENABLE_DEBUG_INFO = NO;
				MTL_FAST_MATH = YES;
				SDKROOT = iphoneos;
				SWIFT_COMPILATION_MODE = wholemodule;
				SWIFT_OPTIMIZATION_LEVEL = "-O";
				VALIDATE_PRODUCT = YES;
			};
			name = Release;
		};
		F569533921E181A700BD49D7 /* Debug */ = {
			isa = XCBuildConfiguration;
			buildSettings = {
				ASSETCATALOG_COMPILER_APPICON_NAME = AppIcon;
				CODE_SIGN_STYLE = Automatic;
				DEVELOPMENT_TEAM = 44RWYRHXW5;
				INFOPLIST_FILE = Instories/Info.plist;
				IPHONEOS_DEPLOYMENT_TARGET = 11.0;
				LD_RUNPATH_SEARCH_PATHS = (
					"$(inherited)",
					"@executable_path/Frameworks",
				);
				PRODUCT_BUNDLE_IDENTIFIER = com.yakovlev.Instories;
				PRODUCT_NAME = "$(TARGET_NAME)";
				SWIFT_VERSION = 4.2;
				TARGETED_DEVICE_FAMILY = 1;
			};
			name = Debug;
		};
		F569533A21E181A700BD49D7 /* Release */ = {
			isa = XCBuildConfiguration;
			buildSettings = {
				ASSETCATALOG_COMPILER_APPICON_NAME = AppIcon;
				CODE_SIGN_STYLE = Automatic;
				DEVELOPMENT_TEAM = 44RWYRHXW5;
				INFOPLIST_FILE = Instories/Info.plist;
				IPHONEOS_DEPLOYMENT_TARGET = 11.0;
				LD_RUNPATH_SEARCH_PATHS = (
					"$(inherited)",
					"@executable_path/Frameworks",
				);
				PRODUCT_BUNDLE_IDENTIFIER = com.yakovlev.Instories;
				PRODUCT_NAME = "$(TARGET_NAME)";
				SWIFT_VERSION = 4.2;
				TARGETED_DEVICE_FAMILY = 1;
			};
			name = Release;
		};
/* End XCBuildConfiguration section */

/* Begin XCConfigurationList section */
		F569532121E181A400BD49D7 /* Build configuration list for PBXProject "Instories" */ = {
			isa = XCConfigurationList;
			buildConfigurations = (
				F569533621E181A700BD49D7 /* Debug */,
				F569533721E181A700BD49D7 /* Release */,
			);
			defaultConfigurationIsVisible = 0;
			defaultConfigurationName = Release;
		};
		F569533821E181A700BD49D7 /* Build configuration list for PBXNativeTarget "Instories" */ = {
			isa = XCConfigurationList;
			buildConfigurations = (
				F569533921E181A700BD49D7 /* Debug */,
				F569533A21E181A700BD49D7 /* Release */,
			);
			defaultConfigurationIsVisible = 0;
			defaultConfigurationName = Release;
		};
/* End XCConfigurationList section */
	};
	rootObject = F569531E21E181A400BD49D7 /* Project object */;
}
